// !$*UTF8*$!
{
	archiveVersion = 1;
	classes = {
	};
	objectVersion = 56;
	objects = {

/* Begin PBXBuildFile section */
		23780A6B29DEFC9B00846ED5 /* TidalChallengeApp.swift in Sources */ = {isa = PBXBuildFile; fileRef = 23780A6A29DEFC9B00846ED5 /* TidalChallengeApp.swift */; };
		23780A6D29DEFC9B00846ED5 /* ContentView.swift in Sources */ = {isa = PBXBuildFile; fileRef = 23780A6C29DEFC9B00846ED5 /* ContentView.swift */; };
		23780A6F29DEFC9C00846ED5 /* Assets.xcassets in Resources */ = {isa = PBXBuildFile; fileRef = 23780A6E29DEFC9C00846ED5 /* Assets.xcassets */; };
		23780A7229DEFC9C00846ED5 /* Preview Assets.xcassets in Resources */ = {isa = PBXBuildFile; fileRef = 23780A7129DEFC9C00846ED5 /* Preview Assets.xcassets */; };
		23780A7C29DEFC9C00846ED5 /* TidalChallengeTests.swift in Sources */ = {isa = PBXBuildFile; fileRef = 23780A7B29DEFC9C00846ED5 /* TidalChallengeTests.swift */; };
		23780A8629DEFC9C00846ED5 /* TidalChallengeUITests.swift in Sources */ = {isa = PBXBuildFile; fileRef = 23780A8529DEFC9C00846ED5 /* TidalChallengeUITests.swift */; };
		23780A8829DEFC9C00846ED5 /* TidalChallengeUITestsLaunchTests.swift in Sources */ = {isa = PBXBuildFile; fileRef = 23780A8729DEFC9C00846ED5 /* TidalChallengeUITestsLaunchTests.swift */; };
/* End PBXBuildFile section */

/* Begin PBXContainerItemProxy section */
		23780A7829DEFC9C00846ED5 /* PBXContainerItemProxy */ = {
			isa = PBXContainerItemProxy;
			containerPortal = 23780A5F29DEFC9B00846ED5 /* Project object */;
			proxyType = 1;
			remoteGlobalIDString = 23780A6629DEFC9B00846ED5;
			remoteInfo = TidalChallenge;
		};
		23780A8229DEFC9C00846ED5 /* PBXContainerItemProxy */ = {
			isa = PBXContainerItemProxy;
			containerPortal = 23780A5F29DEFC9B00846ED5 /* Project object */;
			proxyType = 1;
			remoteGlobalIDString = 23780A6629DEFC9B00846ED5;
			remoteInfo = TidalChallenge;
		};
/* End PBXContainerItemProxy section */

/* Begin PBXFileReference section */
		23780A6729DEFC9B00846ED5 /* TidalChallenge.app */ = {isa = PBXFileReference; explicitFileType = wrapper.application; includeInIndex = 0; path = TidalChallenge.app; sourceTree = BUILT_PRODUCTS_DIR; };
		23780A6A29DEFC9B00846ED5 /* TidalChallengeApp.swift */ = {isa = PBXFileReference; lastKnownFileType = sourcecode.swift; path = TidalChallengeApp.swift; sourceTree = "<group>"; };
		23780A6C29DEFC9B00846ED5 /* ContentView.swift */ = {isa = PBXFileReference; lastKnownFileType = sourcecode.swift; path = ContentView.swift; sourceTree = "<group>"; };
		23780A6E29DEFC9C00846ED5 /* Assets.xcassets */ = {isa = PBXFileReference; lastKnownFileType = folder.assetcatalog; path = Assets.xcassets; sourceTree = "<group>"; };
		23780A7129DEFC9C00846ED5 /* Preview Assets.xcassets */ = {isa = PBXFileReference; lastKnownFileType = folder.assetcatalog; path = "Preview Assets.xcassets"; sourceTree = "<group>"; };
		23780A7729DEFC9C00846ED5 /* TidalChallengeTests.xctest */ = {isa = PBXFileReference; explicitFileType = wrapper.cfbundle; includeInIndex = 0; path = TidalChallengeTests.xctest; sourceTree = BUILT_PRODUCTS_DIR; };
		23780A7B29DEFC9C00846ED5 /* TidalChallengeTests.swift */ = {isa = PBXFileReference; lastKnownFileType = sourcecode.swift; path = TidalChallengeTests.swift; sourceTree = "<group>"; };
		23780A8129DEFC9C00846ED5 /* TidalChallengeUITests.xctest */ = {isa = PBXFileReference; explicitFileType = wrapper.cfbundle; includeInIndex = 0; path = TidalChallengeUITests.xctest; sourceTree = BUILT_PRODUCTS_DIR; };
		23780A8529DEFC9C00846ED5 /* TidalChallengeUITests.swift */ = {isa = PBXFileReference; lastKnownFileType = sourcecode.swift; path = TidalChallengeUITests.swift; sourceTree = "<group>"; };
		23780A8729DEFC9C00846ED5 /* TidalChallengeUITestsLaunchTests.swift */ = {isa = PBXFileReference; lastKnownFileType = sourcecode.swift; path = TidalChallengeUITestsLaunchTests.swift; sourceTree = "<group>"; };
/* End PBXFileReference section */

/* Begin PBXFrameworksBuildPhase section */
		23780A6429DEFC9B00846ED5 /* Frameworks */ = {
			isa = PBXFrameworksBuildPhase;
			buildActionMask = 2147483647;
			files = (
			);
			runOnlyForDeploymentPostprocessing = 0;
		};
		23780A7429DEFC9C00846ED5 /* Frameworks */ = {
			isa = PBXFrameworksBuildPhase;
			buildActionMask = 2147483647;
			files = (
			);
			runOnlyForDeploymentPostprocessing = 0;
		};
		23780A7E29DEFC9C00846ED5 /* Frameworks */ = {
			isa = PBXFrameworksBuildPhase;
			buildActionMask = 2147483647;
			files = (
			);
			runOnlyForDeploymentPostprocessing = 0;
		};
/* End PBXFrameworksBuildPhase section */

/* Begin PBXGroup section */
		23780A5E29DEFC9B00846ED5 = {
			isa = PBXGroup;
			children = (
				23780A6929DEFC9B00846ED5 /* TidalChallenge */,
				23780A7A29DEFC9C00846ED5 /* TidalChallengeTests */,
				23780A8429DEFC9C00846ED5 /* TidalChallengeUITests */,
				23780A6829DEFC9B00846ED5 /* Products */,
			);
			sourceTree = "<group>";
		};
		23780A6829DEFC9B00846ED5 /* Products */ = {
			isa = PBXGroup;
			children = (
				23780A6729DEFC9B00846ED5 /* TidalChallenge.app */,
				23780A7729DEFC9C00846ED5 /* TidalChallengeTests.xctest */,
				23780A8129DEFC9C00846ED5 /* TidalChallengeUITests.xctest */,
			);
			name = Products;
			sourceTree = "<group>";
		};
		23780A6929DEFC9B00846ED5 /* TidalChallenge */ = {
			isa = PBXGroup;
			children = (
				23780A6A29DEFC9B00846ED5 /* TidalChallengeApp.swift */,
				23780A6C29DEFC9B00846ED5 /* ContentView.swift */,
				23780A6E29DEFC9C00846ED5 /* Assets.xcassets */,
				23780A7029DEFC9C00846ED5 /* Preview Content */,
			);
			path = TidalChallenge;
			sourceTree = "<group>";
		};
		23780A7029DEFC9C00846ED5 /* Preview Content */ = {
			isa = PBXGroup;
			children = (
				23780A7129DEFC9C00846ED5 /* Preview Assets.xcassets */,
			);
			path = "Preview Content";
			sourceTree = "<group>";
		};
		23780A7A29DEFC9C00846ED5 /* TidalChallengeTests */ = {
			isa = PBXGroup;
			children = (
				23780A7B29DEFC9C00846ED5 /* TidalChallengeTests.swift */,
			);
			path = TidalChallengeTests;
			sourceTree = "<group>";
		};
		23780A8429DEFC9C00846ED5 /* TidalChallengeUITests */ = {
			isa = PBXGroup;
			children = (
				23780A8529DEFC9C00846ED5 /* TidalChallengeUITests.swift */,
				23780A8729DEFC9C00846ED5 /* TidalChallengeUITestsLaunchTests.swift */,
			);
			path = TidalChallengeUITests;
			sourceTree = "<group>";
		};
/* End PBXGroup section */

/* Begin PBXNativeTarget section */
		23780A6629DEFC9B00846ED5 /* TidalChallenge */ = {
			isa = PBXNativeTarget;
			buildConfigurationList = 23780A8B29DEFC9C00846ED5 /* Build configuration list for PBXNativeTarget "TidalChallenge" */;
			buildPhases = (
				23780A6329DEFC9B00846ED5 /* Sources */,
				23780A6429DEFC9B00846ED5 /* Frameworks */,
				23780A6529DEFC9B00846ED5 /* Resources */,
			);
			buildRules = (
			);
			dependencies = (
			);
			name = TidalChallenge;
			productName = TidalChallenge;
			productReference = 23780A6729DEFC9B00846ED5 /* TidalChallenge.app */;
			productType = "com.apple.product-type.application";
		};
		23780A7629DEFC9C00846ED5 /* TidalChallengeTests */ = {
			isa = PBXNativeTarget;
			buildConfigurationList = 23780A8E29DEFC9C00846ED5 /* Build configuration list for PBXNativeTarget "TidalChallengeTests" */;
			buildPhases = (
				23780A7329DEFC9C00846ED5 /* Sources */,
				23780A7429DEFC9C00846ED5 /* Frameworks */,
				23780A7529DEFC9C00846ED5 /* Resources */,
			);
			buildRules = (
			);
			dependencies = (
				23780A7929DEFC9C00846ED5 /* PBXTargetDependency */,
			);
			name = TidalChallengeTests;
			productName = TidalChallengeTests;
			productReference = 23780A7729DEFC9C00846ED5 /* TidalChallengeTests.xctest */;
			productType = "com.apple.product-type.bundle.unit-test";
		};
		23780A8029DEFC9C00846ED5 /* TidalChallengeUITests */ = {
			isa = PBXNativeTarget;
			buildConfigurationList = 23780A9129DEFC9C00846ED5 /* Build configuration list for PBXNativeTarget "TidalChallengeUITests" */;
			buildPhases = (
				23780A7D29DEFC9C00846ED5 /* Sources */,
				23780A7E29DEFC9C00846ED5 /* Frameworks */,
				23780A7F29DEFC9C00846ED5 /* Resources */,
			);
			buildRules = (
			);
			dependencies = (
				23780A8329DEFC9C00846ED5 /* PBXTargetDependency */,
			);
			name = TidalChallengeUITests;
			productName = TidalChallengeUITests;
			productReference = 23780A8129DEFC9C00846ED5 /* TidalChallengeUITests.xctest */;
			productType = "com.apple.product-type.bundle.ui-testing";
		};
/* End PBXNativeTarget section */

/* Begin PBXProject section */
		23780A5F29DEFC9B00846ED5 /* Project object */ = {
			isa = PBXProject;
			attributes = {
				BuildIndependentTargetsInParallel = 1;
				LastSwiftUpdateCheck = 1420;
				LastUpgradeCheck = 1420;
				TargetAttributes = {
					23780A6629DEFC9B00846ED5 = {
						CreatedOnToolsVersion = 14.2;
					};
					23780A7629DEFC9C00846ED5 = {
						CreatedOnToolsVersion = 14.2;
						TestTargetID = 23780A6629DEFC9B00846ED5;
					};
					23780A8029DEFC9C00846ED5 = {
						CreatedOnToolsVersion = 14.2;
						TestTargetID = 23780A6629DEFC9B00846ED5;
					};
				};
			};
			buildConfigurationList = 23780A6229DEFC9B00846ED5 /* Build configuration list for PBXProject "TidalChallenge" */;
			compatibilityVersion = "Xcode 14.0";
			developmentRegion = en;
			hasScannedForEncodings = 0;
			knownRegions = (
				en,
				Base,
			);
			mainGroup = 23780A5E29DEFC9B00846ED5;
			productRefGroup = 23780A6829DEFC9B00846ED5 /* Products */;
			projectDirPath = "";
			projectRoot = "";
			targets = (
				23780A6629DEFC9B00846ED5 /* TidalChallenge */,
				23780A7629DEFC9C00846ED5 /* TidalChallengeTests */,
				23780A8029DEFC9C00846ED5 /* TidalChallengeUITests */,
			);
		};
/* End PBXProject section */

/* Begin PBXResourcesBuildPhase section */
		23780A6529DEFC9B00846ED5 /* Resources */ = {
			isa = PBXResourcesBuildPhase;
			buildActionMask = 2147483647;
			files = (
				23780A7229DEFC9C00846ED5 /* Preview Assets.xcassets in Resources */,
				23780A6F29DEFC9C00846ED5 /* Assets.xcassets in Resources */,
			);
			runOnlyForDeploymentPostprocessing = 0;
		};
		23780A7529DEFC9C00846ED5 /* Resources */ = {
			isa = PBXResourcesBuildPhase;
			buildActionMask = 2147483647;
			files = (
			);
			runOnlyForDeploymentPostprocessing = 0;
		};
		23780A7F29DEFC9C00846ED5 /* Resources */ = {
			isa = PBXResourcesBuildPhase;
			buildActionMask = 2147483647;
			files = (
			);
			runOnlyForDeploymentPostprocessing = 0;
		};
/* End PBXResourcesBuildPhase section */

/* Begin PBXSourcesBuildPhase section */
		23780A6329DEFC9B00846ED5 /* Sources */ = {
			isa = PBXSourcesBuildPhase;
			buildActionMask = 2147483647;
			files = (
				23780A6D29DEFC9B00846ED5 /* ContentView.swift in Sources */,
				23780A6B29DEFC9B00846ED5 /* TidalChallengeApp.swift in Sources */,
			);
			runOnlyForDeploymentPostprocessing = 0;
		};
		23780A7329DEFC9C00846ED5 /* Sources */ = {
			isa = PBXSourcesBuildPhase;
			buildActionMask = 2147483647;
			files = (
				23780A7C29DEFC9C00846ED5 /* TidalChallengeTests.swift in Sources */,
			);
			runOnlyForDeploymentPostprocessing = 0;
		};
		23780A7D29DEFC9C00846ED5 /* Sources */ = {
			isa = PBXSourcesBuildPhase;
			buildActionMask = 2147483647;
			files = (
				23780A8629DEFC9C00846ED5 /* TidalChallengeUITests.swift in Sources */,
				23780A8829DEFC9C00846ED5 /* TidalChallengeUITestsLaunchTests.swift in Sources */,
			);
			runOnlyForDeploymentPostprocessing = 0;
		};
/* End PBXSourcesBuildPhase section */

/* Begin PBXTargetDependency section */
		23780A7929DEFC9C00846ED5 /* PBXTargetDependency */ = {
			isa = PBXTargetDependency;
			target = 23780A6629DEFC9B00846ED5 /* TidalChallenge */;
			targetProxy = 23780A7829DEFC9C00846ED5 /* PBXContainerItemProxy */;
		};
		23780A8329DEFC9C00846ED5 /* PBXTargetDependency */ = {
			isa = PBXTargetDependency;
			target = 23780A6629DEFC9B00846ED5 /* TidalChallenge */;
			targetProxy = 23780A8229DEFC9C00846ED5 /* PBXContainerItemProxy */;
		};
/* End PBXTargetDependency section */

/* Begin XCBuildConfiguration section */
		23780A8929DEFC9C00846ED5 /* Debug */ = {
			isa = XCBuildConfiguration;
			buildSettings = {
				ALWAYS_SEARCH_USER_PATHS = NO;
				CLANG_ANALYZER_NONNULL = YES;
				CLANG_ANALYZER_NUMBER_OBJECT_CONVERSION = YES_AGGRESSIVE;
				CLANG_CXX_LANGUAGE_STANDARD = "gnu++20";
				CLANG_ENABLE_MODULES = YES;
				CLANG_ENABLE_OBJC_ARC = YES;
				CLANG_ENABLE_OBJC_WEAK = YES;
				CLANG_WARN_BLOCK_CAPTURE_AUTORELEASING = YES;
				CLANG_WARN_BOOL_CONVERSION = YES;
				CLANG_WARN_COMMA = YES;
				CLANG_WARN_CONSTANT_CONVERSION = YES;
				CLANG_WARN_DEPRECATED_OBJC_IMPLEMENTATIONS = YES;
				CLANG_WARN_DIRECT_OBJC_ISA_USAGE = YES_ERROR;
				CLANG_WARN_DOCUMENTATION_COMMENTS = YES;
				CLANG_WARN_EMPTY_BODY = YES;
				CLANG_WARN_ENUM_CONVERSION = YES;
				CLANG_WARN_INFINITE_RECURSION = YES;
				CLANG_WARN_INT_CONVERSION = YES;
				CLANG_WARN_NON_LITERAL_NULL_CONVERSION = YES;
				CLANG_WARN_OBJC_IMPLICIT_RETAIN_SELF = YES;
				CLANG_WARN_OBJC_LITERAL_CONVERSION = YES;
				CLANG_WARN_OBJC_ROOT_CLASS = YES_ERROR;
				CLANG_WARN_QUOTED_INCLUDE_IN_FRAMEWORK_HEADER = YES;
				CLANG_WARN_RANGE_LOOP_ANALYSIS = YES;
				CLANG_WARN_STRICT_PROTOTYPES = YES;
				CLANG_WARN_SUSPICIOUS_MOVE = YES;
				CLANG_WARN_UNGUARDED_AVAILABILITY = YES_AGGRESSIVE;
				CLANG_WARN_UNREACHABLE_CODE = YES;
				CLANG_WARN__DUPLICATE_METHOD_MATCH = YES;
				COPY_PHASE_STRIP = NO;
				DEBUG_INFORMATION_FORMAT = dwarf;
				ENABLE_STRICT_OBJC_MSGSEND = YES;
				ENABLE_TESTABILITY = YES;
				GCC_C_LANGUAGE_STANDARD = gnu11;
				GCC_DYNAMIC_NO_PIC = NO;
				GCC_NO_COMMON_BLOCKS = YES;
				GCC_OPTIMIZATION_LEVEL = 0;
				GCC_PREPROCESSOR_DEFINITIONS = (
					"DEBUG=1",
					"$(inherited)",
				);
				GCC_WARN_64_TO_32_BIT_CONVERSION = YES;
				GCC_WARN_ABOUT_RETURN_TYPE = YES_ERROR;
				GCC_WARN_UNDECLARED_SELECTOR = YES;
				GCC_WARN_UNINITIALIZED_AUTOS = YES_AGGRESSIVE;
				GCC_WARN_UNUSED_FUNCTION = YES;
				GCC_WARN_UNUSED_VARIABLE = YES;
				IPHONEOS_DEPLOYMENT_TARGET = 16.2;
				MTL_ENABLE_DEBUG_INFO = INCLUDE_SOURCE;
				MTL_FAST_MATH = YES;
				ONLY_ACTIVE_ARCH = YES;
				SDKROOT = iphoneos;
				SWIFT_ACTIVE_COMPILATION_CONDITIONS = DEBUG;
				SWIFT_OPTIMIZATION_LEVEL = "-Onone";
			};
			name = Debug;
		};
		23780A8A29DEFC9C00846ED5 /* Release */ = {
			isa = XCBuildConfiguration;
			buildSettings = {
				ALWAYS_SEARCH_USER_PATHS = NO;
				CLANG_ANALYZER_NONNULL = YES;
				CLANG_ANALYZER_NUMBER_OBJECT_CONVERSION = YES_AGGRESSIVE;
				CLANG_CXX_LANGUAGE_STANDARD = "gnu++20";
				CLANG_ENABLE_MODULES = YES;
				CLANG_ENABLE_OBJC_ARC = YES;
				CLANG_ENABLE_OBJC_WEAK = YES;
				CLANG_WARN_BLOCK_CAPTURE_AUTORELEASING = YES;
				CLANG_WARN_BOOL_CONVERSION = YES;
				CLANG_WARN_COMMA = YES;
				CLANG_WARN_CONSTANT_CONVERSION = YES;
				CLANG_WARN_DEPRECATED_OBJC_IMPLEMENTATIONS = YES;
				CLANG_WARN_DIRECT_OBJC_ISA_USAGE = YES_ERROR;
				CLANG_WARN_DOCUMENTATION_COMMENTS = YES;
				CLANG_WARN_EMPTY_BODY = YES;
				CLANG_WARN_ENUM_CONVERSION = YES;
				CLANG_WARN_INFINITE_RECURSION = YES;
				CLANG_WARN_INT_CONVERSION = YES;
				CLANG_WARN_NON_LITERAL_NULL_CONVERSION = YES;
				CLANG_WARN_OBJC_IMPLICIT_RETAIN_SELF = YES;
				CLANG_WARN_OBJC_LITERAL_CONVERSION = YES;
				CLANG_WARN_OBJC_ROOT_CLASS = YES_ERROR;
				CLANG_WARN_QUOTED_INCLUDE_IN_FRAMEWORK_HEADER = YES;
				CLANG_WARN_RANGE_LOOP_ANALYSIS = YES;
				CLANG_WARN_STRICT_PROTOTYPES = YES;
				CLANG_WARN_SUSPICIOUS_MOVE = YES;
				CLANG_WARN_UNGUARDED_AVAILABILITY = YES_AGGRESSIVE;
				CLANG_WARN_UNREACHABLE_CODE = YES;
				CLANG_WARN__DUPLICATE_METHOD_MATCH = YES;
				COPY_PHASE_STRIP = NO;
				DEBUG_INFORMATION_FORMAT = "dwarf-with-dsym";
				ENABLE_NS_ASSERTIONS = NO;
				ENABLE_STRICT_OBJC_MSGSEND = YES;
				GCC_C_LANGUAGE_STANDARD = gnu11;
				GCC_NO_COMMON_BLOCKS = YES;
				GCC_WARN_64_TO_32_BIT_CONVERSION = YES;
				GCC_WARN_ABOUT_RETURN_TYPE = YES_ERROR;
				GCC_WARN_UNDECLARED_SELECTOR = YES;
				GCC_WARN_UNINITIALIZED_AUTOS = YES_AGGRESSIVE;
				GCC_WARN_UNUSED_FUNCTION = YES;
				GCC_WARN_UNUSED_VARIABLE = YES;
				IPHONEOS_DEPLOYMENT_TARGET = 16.2;
				MTL_ENABLE_DEBUG_INFO = NO;
				MTL_FAST_MATH = YES;
				SDKROOT = iphoneos;
				SWIFT_COMPILATION_MODE = wholemodule;
				SWIFT_OPTIMIZATION_LEVEL = "-O";
				VALIDATE_PRODUCT = YES;
			};
			name = Release;
		};
		23780A8C29DEFC9C00846ED5 /* Debug */ = {
			isa = XCBuildConfiguration;
			buildSettings = {
				ASSETCATALOG_COMPILER_APPICON_NAME = AppIcon;
				ASSETCATALOG_COMPILER_GLOBAL_ACCENT_COLOR_NAME = AccentColor;
				CODE_SIGN_STYLE = Automatic;
				CURRENT_PROJECT_VERSION = 1;
				DEVELOPMENT_ASSET_PATHS = "\"TidalChallenge/Preview Content\"";
				DEVELOPMENT_TEAM = 9VSYQ6QW3Z;
				ENABLE_PREVIEWS = YES;
				GENERATE_INFOPLIST_FILE = YES;
				INFOPLIST_KEY_UIApplicationSceneManifest_Generation = YES;
				INFOPLIST_KEY_UIApplicationSupportsIndirectInputEvents = YES;
				INFOPLIST_KEY_UILaunchScreen_Generation = YES;
				INFOPLIST_KEY_UISupportedInterfaceOrientations_iPad = "UIInterfaceOrientationPortrait UIInterfaceOrientationPortraitUpsideDown UIInterfaceOrientationLandscapeLeft UIInterfaceOrientationLandscapeRight";
				INFOPLIST_KEY_UISupportedInterfaceOrientations_iPhone = "UIInterfaceOrientationPortrait UIInterfaceOrientationLandscapeLeft UIInterfaceOrientationLandscapeRight";
				LD_RUNPATH_SEARCH_PATHS = (
					"$(inherited)",
					"@executable_path/Frameworks",
				);
				MARKETING_VERSION = 1.0;
				PRODUCT_BUNDLE_IDENTIFIER = com.zofiadrabek.TidalChallenge;
				PRODUCT_NAME = "$(TARGET_NAME)";
				SWIFT_EMIT_LOC_STRINGS = YES;
				SWIFT_VERSION = 5.0;
				TARGETED_DEVICE_FAMILY = "1,2";
			};
			name = Debug;
		};
		23780A8D29DEFC9C00846ED5 /* Release */ = {
			isa = XCBuildConfiguration;
			buildSettings = {
				ASSETCATALOG_COMPILER_APPICON_NAME = AppIcon;
				ASSETCATALOG_COMPILER_GLOBAL_ACCENT_COLOR_NAME = AccentColor;
				CODE_SIGN_STYLE = Automatic;
				CURRENT_PROJECT_VERSION = 1;
				DEVELOPMENT_ASSET_PATHS = "\"TidalChallenge/Preview Content\"";
				DEVELOPMENT_TEAM = 9VSYQ6QW3Z;
				ENABLE_PREVIEWS = YES;
				GENERATE_INFOPLIST_FILE = YES;
				INFOPLIST_KEY_UIApplicationSceneManifest_Generation = YES;
				INFOPLIST_KEY_UIApplicationSupportsIndirectInputEvents = YES;
				INFOPLIST_KEY_UILaunchScreen_Generation = YES;
				INFOPLIST_KEY_UISupportedInterfaceOrientations_iPad = "UIInterfaceOrientationPortrait UIInterfaceOrientationPortraitUpsideDown UIInterfaceOrientationLandscapeLeft UIInterfaceOrientationLandscapeRight";
				INFOPLIST_KEY_UISupportedInterfaceOrientations_iPhone = "UIInterfaceOrientationPortrait UIInterfaceOrientationLandscapeLeft UIInterfaceOrientationLandscapeRight";
				LD_RUNPATH_SEARCH_PATHS = (
					"$(inherited)",
					"@executable_path/Frameworks",
				);
				MARKETING_VERSION = 1.0;
				PRODUCT_BUNDLE_IDENTIFIER = com.zofiadrabek.TidalChallenge;
				PRODUCT_NAME = "$(TARGET_NAME)";
				SWIFT_EMIT_LOC_STRINGS = YES;
				SWIFT_VERSION = 5.0;
				TARGETED_DEVICE_FAMILY = "1,2";
			};
			name = Release;
		};
		23780A8F29DEFC9C00846ED5 /* Debug */ = {
			isa = XCBuildConfiguration;
			buildSettings = {
				ALWAYS_EMBED_SWIFT_STANDARD_LIBRARIES = YES;
				BUNDLE_LOADER = "$(TEST_HOST)";
				CODE_SIGN_STYLE = Automatic;
				CURRENT_PROJECT_VERSION = 1;
				DEVELOPMENT_TEAM = 9VSYQ6QW3Z;
				GENERATE_INFOPLIST_FILE = YES;
				IPHONEOS_DEPLOYMENT_TARGET = 16.2;
				MARKETING_VERSION = 1.0;
				PRODUCT_BUNDLE_IDENTIFIER = com.zofiadrabek.TidalChallengeTests;
				PRODUCT_NAME = "$(TARGET_NAME)";
				SWIFT_EMIT_LOC_STRINGS = NO;
				SWIFT_VERSION = 5.0;
				TARGETED_DEVICE_FAMILY = "1,2";
				TEST_HOST = "$(BUILT_PRODUCTS_DIR)/TidalChallenge.app/$(BUNDLE_EXECUTABLE_FOLDER_PATH)/TidalChallenge";
			};
			name = Debug;
		};
		23780A9029DEFC9C00846ED5 /* Release */ = {
			isa = XCBuildConfiguration;
			buildSettings = {
				ALWAYS_EMBED_SWIFT_STANDARD_LIBRARIES = YES;
				BUNDLE_LOADER = "$(TEST_HOST)";
				CODE_SIGN_STYLE = Automatic;
				CURRENT_PROJECT_VERSION = 1;
				DEVELOPMENT_TEAM = 9VSYQ6QW3Z;
				GENERATE_INFOPLIST_FILE = YES;
				IPHONEOS_DEPLOYMENT_TARGET = 16.2;
				MARKETING_VERSION = 1.0;
				PRODUCT_BUNDLE_IDENTIFIER = com.zofiadrabek.TidalChallengeTests;
				PRODUCT_NAME = "$(TARGET_NAME)";
				SWIFT_EMIT_LOC_STRINGS = NO;
				SWIFT_VERSION = 5.0;
				TARGETED_DEVICE_FAMILY = "1,2";
				TEST_HOST = "$(BUILT_PRODUCTS_DIR)/TidalChallenge.app/$(BUNDLE_EXECUTABLE_FOLDER_PATH)/TidalChallenge";
			};
			name = Release;
		};
		23780A9229DEFC9C00846ED5 /* Debug */ = {
			isa = XCBuildConfiguration;
			buildSettings = {
				ALWAYS_EMBED_SWIFT_STANDARD_LIBRARIES = YES;
				CODE_SIGN_STYLE = Automatic;
				CURRENT_PROJECT_VERSION = 1;
				DEVELOPMENT_TEAM = 9VSYQ6QW3Z;
				GENERATE_INFOPLIST_FILE = YES;
				MARKETING_VERSION = 1.0;
				PRODUCT_BUNDLE_IDENTIFIER = com.zofiadrabek.TidalChallengeUITests;
				PRODUCT_NAME = "$(TARGET_NAME)";
				SWIFT_EMIT_LOC_STRINGS = NO;
				SWIFT_VERSION = 5.0;
				TARGETED_DEVICE_FAMILY = "1,2";
				TEST_TARGET_NAME = TidalChallenge;
			};
			name = Debug;
		};
		23780A9329DEFC9C00846ED5 /* Release */ = {
			isa = XCBuildConfiguration;
			buildSettings = {
				ALWAYS_EMBED_SWIFT_STANDARD_LIBRARIES = YES;
				CODE_SIGN_STYLE = Automatic;
				CURRENT_PROJECT_VERSION = 1;
				DEVELOPMENT_TEAM = 9VSYQ6QW3Z;
				GENERATE_INFOPLIST_FILE = YES;
				MARKETING_VERSION = 1.0;
				PRODUCT_BUNDLE_IDENTIFIER = com.zofiadrabek.TidalChallengeUITests;
				PRODUCT_NAME = "$(TARGET_NAME)";
				SWIFT_EMIT_LOC_STRINGS = NO;
				SWIFT_VERSION = 5.0;
				TARGETED_DEVICE_FAMILY = "1,2";
				TEST_TARGET_NAME = TidalChallenge;
			};
			name = Release;
		};
/* End XCBuildConfiguration section */

/* Begin XCConfigurationList section */
		23780A6229DEFC9B00846ED5 /* Build configuration list for PBXProject "TidalChallenge" */ = {
			isa = XCConfigurationList;
			buildConfigurations = (
				23780A8929DEFC9C00846ED5 /* Debug */,
				23780A8A29DEFC9C00846ED5 /* Release */,
			);
			defaultConfigurationIsVisible = 0;
			defaultConfigurationName = Release;
		};
		23780A8B29DEFC9C00846ED5 /* Build configuration list for PBXNativeTarget "TidalChallenge" */ = {
			isa = XCConfigurationList;
			buildConfigurations = (
				23780A8C29DEFC9C00846ED5 /* Debug */,
				23780A8D29DEFC9C00846ED5 /* Release */,
			);
			defaultConfigurationIsVisible = 0;
			defaultConfigurationName = Release;
		};
		23780A8E29DEFC9C00846ED5 /* Build configuration list for PBXNativeTarget "TidalChallengeTests" */ = {
			isa = XCConfigurationList;
			buildConfigurations = (
				23780A8F29DEFC9C00846ED5 /* Debug */,
				23780A9029DEFC9C00846ED5 /* Release */,
			);
			defaultConfigurationIsVisible = 0;
			defaultConfigurationName = Release;
		};
		23780A9129DEFC9C00846ED5 /* Build configuration list for PBXNativeTarget "TidalChallengeUITests" */ = {
			isa = XCConfigurationList;
			buildConfigurations = (
				23780A9229DEFC9C00846ED5 /* Debug */,
				23780A9329DEFC9C00846ED5 /* Release */,
			);
			defaultConfigurationIsVisible = 0;
			defaultConfigurationName = Release;
		};
/* End XCConfigurationList section */
	};
	rootObject = 23780A5F29DEFC9B00846ED5 /* Project object */;
}
